{
  "object": {
    "pins": [
      {
        "package": "Clibbdkffi",
        "repositoryURL": "/home/steve/git/notmandatory/Clibbdkffi",
        "state": {
          "branch": null,
          "revision": "9c96e359a3b1e1d5c0db61125147f6ef929bf567",
          "version": "0.1.0"
        }
      }
    ]
  },
  "version": 1
}
