// !$*UTF8*$!
{
	archiveVersion = 1;
	classes = {
	};
	objectVersion = 55;
	objects = {

/* Begin PBXBuildFile section */
		AAB77A5F274985DC00EAE58B /* BitcoinDevKit in Frameworks */ = {isa = PBXBuildFile; productRef = AAB77A5E274985DC00EAE58B /* BitcoinDevKit */; };
		C03BFB93272C68C7003AE940 /* IOSBdkAppSampleApp.swift in Sources */ = {isa = PBXBuildFile; fileRef = C03BFB92272C68C7003AE940 /* IOSBdkAppSampleApp.swift */; };
		C03BFB95272C68C7003AE940 /* ContentView.swift in Sources */ = {isa = PBXBuildFile; fileRef = C03BFB94272C68C7003AE940 /* ContentView.swift */; };
		C03BFB97272C68CB003AE940 /* Assets.xcassets in Resources */ = {isa = PBXBuildFile; fileRef = C03BFB96272C68CB003AE940 /* Assets.xcassets */; };
		C03BFB9A272C68CB003AE940 /* Preview Assets.xcassets in Resources */ = {isa = PBXBuildFile; fileRef = C03BFB99272C68CB003AE940 /* Preview Assets.xcassets */; };
		C03BFBA8272C6AF4003AE940 /* WalletViewModel.swift in Sources */ = {isa = PBXBuildFile; fileRef = C03BFBA7272C6AF4003AE940 /* WalletViewModel.swift */; };
		C03BFBAA272C6B7E003AE940 /* WalletView.swift in Sources */ = {isa = PBXBuildFile; fileRef = C03BFBA9272C6B7E003AE940 /* WalletView.swift */; };
		C0FD009E2731767500CC4724 /* ReceiveView.swift in Sources */ = {isa = PBXBuildFile; fileRef = C0FD009D2731767500CC4724 /* ReceiveView.swift */; };
		C0FD00A02731784D00CC4724 /* SendView.swift in Sources */ = {isa = PBXBuildFile; fileRef = C0FD009F2731784D00CC4724 /* SendView.swift */; };
		C0FD00A22731829500CC4724 /* TransactionsView.swift in Sources */ = {isa = PBXBuildFile; fileRef = C0FD00A12731829500CC4724 /* TransactionsView.swift */; };
/* End PBXBuildFile section */

/* Begin PBXFileReference section */
		C03BFB8F272C68C7003AE940 /* IOSBdkAppSample.app */ = {isa = PBXFileReference; explicitFileType = wrapper.application; includeInIndex = 0; path = IOSBdkAppSample.app; sourceTree = BUILT_PRODUCTS_DIR; };
		C03BFB92272C68C7003AE940 /* IOSBdkAppSampleApp.swift */ = {isa = PBXFileReference; lastKnownFileType = sourcecode.swift; path = IOSBdkAppSampleApp.swift; sourceTree = "<group>"; };
		C03BFB94272C68C7003AE940 /* ContentView.swift */ = {isa = PBXFileReference; lastKnownFileType = sourcecode.swift; path = ContentView.swift; sourceTree = "<group>"; };
		C03BFB96272C68CB003AE940 /* Assets.xcassets */ = {isa = PBXFileReference; lastKnownFileType = folder.assetcatalog; path = Assets.xcassets; sourceTree = "<group>"; };
		C03BFB99272C68CB003AE940 /* Preview Assets.xcassets */ = {isa = PBXFileReference; lastKnownFileType = folder.assetcatalog; path = "Preview Assets.xcassets"; sourceTree = "<group>"; };
		C03BFBA7272C6AF4003AE940 /* WalletViewModel.swift */ = {isa = PBXFileReference; lastKnownFileType = sourcecode.swift; path = WalletViewModel.swift; sourceTree = "<group>"; };
		C03BFBA9272C6B7E003AE940 /* WalletView.swift */ = {isa = PBXFileReference; lastKnownFileType = sourcecode.swift; path = WalletView.swift; sourceTree = "<group>"; };
		C0FD009D2731767500CC4724 /* ReceiveView.swift */ = {isa = PBXFileReference; lastKnownFileType = sourcecode.swift; path = ReceiveView.swift; sourceTree = "<group>"; };
		C0FD009F2731784D00CC4724 /* SendView.swift */ = {isa = PBXFileReference; lastKnownFileType = sourcecode.swift; path = SendView.swift; sourceTree = "<group>"; };
		C0FD00A12731829500CC4724 /* TransactionsView.swift */ = {isa = PBXFileReference; lastKnownFileType = sourcecode.swift; path = TransactionsView.swift; sourceTree = "<group>"; };
/* End PBXFileReference section */

/* Begin PBXFrameworksBuildPhase section */
		C03BFB8C272C68C7003AE940 /* Frameworks */ = {
			isa = PBXFrameworksBuildPhase;
			buildActionMask = 2147483647;
			files = (
				AAB77A5F274985DC00EAE58B /* BitcoinDevKit in Frameworks */,
			);
			runOnlyForDeploymentPostprocessing = 0;
		};
/* End PBXFrameworksBuildPhase section */

/* Begin PBXGroup section */
		C03BFB86272C68C7003AE940 = {
			isa = PBXGroup;
			children = (
				C03BFB91272C68C7003AE940 /* IOSBdkAppSample */,
				C03BFB90272C68C7003AE940 /* Products */,
				C03BFBA1272C6AB7003AE940 /* Frameworks */,
			);
			sourceTree = "<group>";
		};
		C03BFB90272C68C7003AE940 /* Products */ = {
			isa = PBXGroup;
			children = (
				C03BFB8F272C68C7003AE940 /* IOSBdkAppSample.app */,
			);
			name = Products;
			sourceTree = "<group>";
		};
		C03BFB91272C68C7003AE940 /* IOSBdkAppSample */ = {
			isa = PBXGroup;
			children = (
				C03BFB92272C68C7003AE940 /* IOSBdkAppSampleApp.swift */,
				C03BFB94272C68C7003AE940 /* ContentView.swift */,
				C03BFB96272C68CB003AE940 /* Assets.xcassets */,
				C03BFB98272C68CB003AE940 /* Preview Content */,
				C03BFBA7272C6AF4003AE940 /* WalletViewModel.swift */,
				C03BFBA9272C6B7E003AE940 /* WalletView.swift */,
				C0FD009D2731767500CC4724 /* ReceiveView.swift */,
				C0FD009F2731784D00CC4724 /* SendView.swift */,
				C0FD00A12731829500CC4724 /* TransactionsView.swift */,
			);
			path = IOSBdkAppSample;
			sourceTree = "<group>";
		};
		C03BFB98272C68CB003AE940 /* Preview Content */ = {
			isa = PBXGroup;
			children = (
				C03BFB99272C68CB003AE940 /* Preview Assets.xcassets */,
			);
			path = "Preview Content";
			sourceTree = "<group>";
		};
		C03BFBA1272C6AB7003AE940 /* Frameworks */ = {
			isa = PBXGroup;
			children = (
			);
			name = Frameworks;
			sourceTree = "<group>";
		};
/* End PBXGroup section */

/* Begin PBXNativeTarget section */
		C03BFB8E272C68C7003AE940 /* IOSBdkAppSample */ = {
			isa = PBXNativeTarget;
			buildConfigurationList = C03BFB9D272C68CB003AE940 /* Build configuration list for PBXNativeTarget "IOSBdkAppSample" */;
			buildPhases = (
				C03BFB8B272C68C7003AE940 /* Sources */,
				C03BFB8C272C68C7003AE940 /* Frameworks */,
				C03BFB8D272C68C7003AE940 /* Resources */,
			);
			buildRules = (
			);
			dependencies = (
			);
			name = IOSBdkAppSample;
			packageProductDependencies = (
				AAB77A5E274985DC00EAE58B /* BitcoinDevKit */,
			);
			productName = IOSBdkAppSample;
			productReference = C03BFB8F272C68C7003AE940 /* IOSBdkAppSample.app */;
			productType = "com.apple.product-type.application";
		};
/* End PBXNativeTarget section */

/* Begin PBXProject section */
		C03BFB87272C68C7003AE940 /* Project object */ = {
			isa = PBXProject;
			attributes = {
				BuildIndependentTargetsInParallel = 1;
				LastSwiftUpdateCheck = 1310;
				LastUpgradeCheck = 1310;
				TargetAttributes = {
					C03BFB8E272C68C7003AE940 = {
						CreatedOnToolsVersion = 13.1;
					};
				};
			};
			buildConfigurationList = C03BFB8A272C68C7003AE940 /* Build configuration list for PBXProject "IOSBdkAppSample" */;
			compatibilityVersion = "Xcode 13.0";
			developmentRegion = en;
			hasScannedForEncodings = 0;
			knownRegions = (
				en,
				Base,
			);
			mainGroup = C03BFB86272C68C7003AE940;
			packageReferences = (
				AAB77A5D274985DC00EAE58B /* XCRemoteSwiftPackageReference "BitcoinDevKit" */,
			);
			productRefGroup = C03BFB90272C68C7003AE940 /* Products */;
			projectDirPath = "";
			projectRoot = "";
			targets = (
				C03BFB8E272C68C7003AE940 /* IOSBdkAppSample */,
			);
		};
/* End PBXProject section */

/* Begin PBXResourcesBuildPhase section */
		C03BFB8D272C68C7003AE940 /* Resources */ = {
			isa = PBXResourcesBuildPhase;
			buildActionMask = 2147483647;
			files = (
				C03BFB9A272C68CB003AE940 /* Preview Assets.xcassets in Resources */,
				C03BFB97272C68CB003AE940 /* Assets.xcassets in Resources */,
			);
			runOnlyForDeploymentPostprocessing = 0;
		};
/* End PBXResourcesBuildPhase section */

/* Begin PBXSourcesBuildPhase section */
		C03BFB8B272C68C7003AE940 /* Sources */ = {
			isa = PBXSourcesBuildPhase;
			buildActionMask = 2147483647;
			files = (
				C0FD009E2731767500CC4724 /* ReceiveView.swift in Sources */,
				C03BFBAA272C6B7E003AE940 /* WalletView.swift in Sources */,
				C03BFBA8272C6AF4003AE940 /* WalletViewModel.swift in Sources */,
				C03BFB95272C68C7003AE940 /* ContentView.swift in Sources */,
				C0FD00A22731829500CC4724 /* TransactionsView.swift in Sources */,
				C0FD00A02731784D00CC4724 /* SendView.swift in Sources */,
				C03BFB93272C68C7003AE940 /* IOSBdkAppSampleApp.swift in Sources */,
			);
			runOnlyForDeploymentPostprocessing = 0;
		};
/* End PBXSourcesBuildPhase section */

/* Begin XCBuildConfiguration section */
		C03BFB9B272C68CB003AE940 /* Debug */ = {
			isa = XCBuildConfiguration;
			buildSettings = {
				ALLOW_TARGET_PLATFORM_SPECIALIZATION = NO;
				ALWAYS_SEARCH_USER_PATHS = NO;
				CLANG_ANALYZER_NONNULL = YES;
				CLANG_ANALYZER_NUMBER_OBJECT_CONVERSION = YES_AGGRESSIVE;
				CLANG_CXX_LANGUAGE_STANDARD = "gnu++17";
				CLANG_CXX_LIBRARY = "libc++";
				CLANG_ENABLE_MODULES = YES;
				CLANG_ENABLE_OBJC_ARC = YES;
				CLANG_ENABLE_OBJC_WEAK = YES;
				CLANG_WARN_BLOCK_CAPTURE_AUTORELEASING = YES;
				CLANG_WARN_BOOL_CONVERSION = YES;
				CLANG_WARN_COMMA = YES;
				CLANG_WARN_CONSTANT_CONVERSION = YES;
				CLANG_WARN_DEPRECATED_OBJC_IMPLEMENTATIONS = YES;
				CLANG_WARN_DIRECT_OBJC_ISA_USAGE = YES_ERROR;
				CLANG_WARN_DOCUMENTATION_COMMENTS = YES;
				CLANG_WARN_EMPTY_BODY = YES;
				CLANG_WARN_ENUM_CONVERSION = YES;
				CLANG_WARN_INFINITE_RECURSION = YES;
				CLANG_WARN_INT_CONVERSION = YES;
				CLANG_WARN_NON_LITERAL_NULL_CONVERSION = YES;
				CLANG_WARN_OBJC_IMPLICIT_RETAIN_SELF = YES;
				CLANG_WARN_OBJC_LITERAL_CONVERSION = YES;
				CLANG_WARN_OBJC_ROOT_CLASS = YES_ERROR;
				CLANG_WARN_QUOTED_INCLUDE_IN_FRAMEWORK_HEADER = YES;
				CLANG_WARN_RANGE_LOOP_ANALYSIS = YES;
				CLANG_WARN_STRICT_PROTOTYPES = YES;
				CLANG_WARN_SUSPICIOUS_MOVE = YES;
				CLANG_WARN_UNGUARDED_AVAILABILITY = YES_AGGRESSIVE;
				CLANG_WARN_UNREACHABLE_CODE = YES;
				CLANG_WARN__DUPLICATE_METHOD_MATCH = YES;
				COPY_PHASE_STRIP = NO;
				DEBUG_INFORMATION_FORMAT = dwarf;
				ENABLE_STRICT_OBJC_MSGSEND = YES;
				ENABLE_TESTABILITY = YES;
				GCC_C_LANGUAGE_STANDARD = gnu11;
				GCC_DYNAMIC_NO_PIC = NO;
				GCC_NO_COMMON_BLOCKS = YES;
				GCC_OPTIMIZATION_LEVEL = 0;
				GCC_PREPROCESSOR_DEFINITIONS = (
					"DEBUG=1",
					"$(inherited)",
				);
				GCC_WARN_64_TO_32_BIT_CONVERSION = YES;
				GCC_WARN_ABOUT_RETURN_TYPE = YES_ERROR;
				GCC_WARN_UNDECLARED_SELECTOR = YES;
				GCC_WARN_UNINITIALIZED_AUTOS = YES_AGGRESSIVE;
				GCC_WARN_UNUSED_FUNCTION = YES;
				GCC_WARN_UNUSED_VARIABLE = YES;
				IPHONEOS_DEPLOYMENT_TARGET = 15.0;
				MTL_ENABLE_DEBUG_INFO = INCLUDE_SOURCE;
				MTL_FAST_MATH = YES;
				ONLY_ACTIVE_ARCH = YES;
				SDKROOT = iphoneos;
				SWIFT_ACTIVE_COMPILATION_CONDITIONS = DEBUG;
				SWIFT_OPTIMIZATION_LEVEL = "-Onone";
			};
			name = Debug;
		};
		C03BFB9C272C68CB003AE940 /* Release */ = {
			isa = XCBuildConfiguration;
			buildSettings = {
				ALLOW_TARGET_PLATFORM_SPECIALIZATION = NO;
				ALWAYS_SEARCH_USER_PATHS = NO;
				CLANG_ANALYZER_NONNULL = YES;
				CLANG_ANALYZER_NUMBER_OBJECT_CONVERSION = YES_AGGRESSIVE;
				CLANG_CXX_LANGUAGE_STANDARD = "gnu++17";
				CLANG_CXX_LIBRARY = "libc++";
				CLANG_ENABLE_MODULES = YES;
				CLANG_ENABLE_OBJC_ARC = YES;
				CLANG_ENABLE_OBJC_WEAK = YES;
				CLANG_WARN_BLOCK_CAPTURE_AUTORELEASING = YES;
				CLANG_WARN_BOOL_CONVERSION = YES;
				CLANG_WARN_COMMA = YES;
				CLANG_WARN_CONSTANT_CONVERSION = YES;
				CLANG_WARN_DEPRECATED_OBJC_IMPLEMENTATIONS = YES;
				CLANG_WARN_DIRECT_OBJC_ISA_USAGE = YES_ERROR;
				CLANG_WARN_DOCUMENTATION_COMMENTS = YES;
				CLANG_WARN_EMPTY_BODY = YES;
				CLANG_WARN_ENUM_CONVERSION = YES;
				CLANG_WARN_INFINITE_RECURSION = YES;
				CLANG_WARN_INT_CONVERSION = YES;
				CLANG_WARN_NON_LITERAL_NULL_CONVERSION = YES;
				CLANG_WARN_OBJC_IMPLICIT_RETAIN_SELF = YES;
				CLANG_WARN_OBJC_LITERAL_CONVERSION = YES;
				CLANG_WARN_OBJC_ROOT_CLASS = YES_ERROR;
				CLANG_WARN_QUOTED_INCLUDE_IN_FRAMEWORK_HEADER = YES;
				CLANG_WARN_RANGE_LOOP_ANALYSIS = YES;
				CLANG_WARN_STRICT_PROTOTYPES = YES;
				CLANG_WARN_SUSPICIOUS_MOVE = YES;
				CLANG_WARN_UNGUARDED_AVAILABILITY = YES_AGGRESSIVE;
				CLANG_WARN_UNREACHABLE_CODE = YES;
				CLANG_WARN__DUPLICATE_METHOD_MATCH = YES;
				COPY_PHASE_STRIP = NO;
				DEBUG_INFORMATION_FORMAT = "dwarf-with-dsym";
				ENABLE_NS_ASSERTIONS = NO;
				ENABLE_STRICT_OBJC_MSGSEND = YES;
				GCC_C_LANGUAGE_STANDARD = gnu11;
				GCC_NO_COMMON_BLOCKS = YES;
				GCC_WARN_64_TO_32_BIT_CONVERSION = YES;
				GCC_WARN_ABOUT_RETURN_TYPE = YES_ERROR;
				GCC_WARN_UNDECLARED_SELECTOR = YES;
				GCC_WARN_UNINITIALIZED_AUTOS = YES_AGGRESSIVE;
				GCC_WARN_UNUSED_FUNCTION = YES;
				GCC_WARN_UNUSED_VARIABLE = YES;
				IPHONEOS_DEPLOYMENT_TARGET = 15.0;
				MTL_ENABLE_DEBUG_INFO = NO;
				MTL_FAST_MATH = YES;
				SDKROOT = iphoneos;
				SWIFT_COMPILATION_MODE = wholemodule;
				SWIFT_OPTIMIZATION_LEVEL = "-O";
				VALIDATE_PRODUCT = YES;
			};
			name = Release;
		};
		C03BFB9E272C68CB003AE940 /* Debug */ = {
			isa = XCBuildConfiguration;
			buildSettings = {
				ASSETCATALOG_COMPILER_APPICON_NAME = AppIcon;
				ASSETCATALOG_COMPILER_GLOBAL_ACCENT_COLOR_NAME = AccentColor;
				CODE_SIGN_STYLE = Automatic;
				CURRENT_PROJECT_VERSION = 1;
				DEVELOPMENT_ASSET_PATHS = "\"IOSBdkAppSample/Preview Content\"";
				DEVELOPMENT_TEAM = GAU324YPR8;
				ENABLE_PREVIEWS = YES;
				GENERATE_INFOPLIST_FILE = YES;
				HEADER_SEARCH_PATHS = "";
				INFOPLIST_KEY_UIApplicationSceneManifest_Generation = YES;
				INFOPLIST_KEY_UIApplicationSupportsIndirectInputEvents = YES;
				INFOPLIST_KEY_UILaunchScreen_Generation = YES;
				INFOPLIST_KEY_UISupportedInterfaceOrientations_iPad = "UIInterfaceOrientationPortrait UIInterfaceOrientationPortraitUpsideDown UIInterfaceOrientationLandscapeLeft UIInterfaceOrientationLandscapeRight";
				INFOPLIST_KEY_UISupportedInterfaceOrientations_iPhone = "UIInterfaceOrientationPortrait UIInterfaceOrientationLandscapeLeft UIInterfaceOrientationLandscapeRight";
				LD_RUNPATH_SEARCH_PATHS = (
					"$(inherited)",
					"@executable_path/Frameworks",
				);
				LIBRARY_SEARCH_PATHS = "";
				MARKETING_VERSION = 1.0;
				PRODUCT_BUNDLE_IDENTIFIER = org.bitcoindevkit.IOSBdkAppSample;
				PRODUCT_NAME = "$(TARGET_NAME)";
				SWIFT_EMIT_LOC_STRINGS = YES;
				SWIFT_OBJC_BRIDGING_HEADER = "";
				SWIFT_VERSION = 5.0;
				TARGETED_DEVICE_FAMILY = 1;
			};
			name = Debug;
		};
		C03BFB9F272C68CB003AE940 /* Release */ = {
			isa = XCBuildConfiguration;
			buildSettings = {
				ASSETCATALOG_COMPILER_APPICON_NAME = AppIcon;
				ASSETCATALOG_COMPILER_GLOBAL_ACCENT_COLOR_NAME = AccentColor;
				CODE_SIGN_STYLE = Automatic;
				CURRENT_PROJECT_VERSION = 1;
				DEVELOPMENT_ASSET_PATHS = "\"IOSBdkAppSample/Preview Content\"";
				DEVELOPMENT_TEAM = GAU324YPR8;
				ENABLE_PREVIEWS = YES;
				GENERATE_INFOPLIST_FILE = YES;
				HEADER_SEARCH_PATHS = "";
				INFOPLIST_KEY_UIApplicationSceneManifest_Generation = YES;
				INFOPLIST_KEY_UIApplicationSupportsIndirectInputEvents = YES;
				INFOPLIST_KEY_UILaunchScreen_Generation = YES;
				INFOPLIST_KEY_UISupportedInterfaceOrientations_iPad = "UIInterfaceOrientationPortrait UIInterfaceOrientationPortraitUpsideDown UIInterfaceOrientationLandscapeLeft UIInterfaceOrientationLandscapeRight";
				INFOPLIST_KEY_UISupportedInterfaceOrientations_iPhone = "UIInterfaceOrientationPortrait UIInterfaceOrientationLandscapeLeft UIInterfaceOrientationLandscapeRight";
				LD_RUNPATH_SEARCH_PATHS = (
					"$(inherited)",
					"@executable_path/Frameworks",
				);
				LIBRARY_SEARCH_PATHS = "";
				MARKETING_VERSION = 1.0;
				PRODUCT_BUNDLE_IDENTIFIER = org.bitcoindevkit.IOSBdkAppSample;
				PRODUCT_NAME = "$(TARGET_NAME)";
				SWIFT_EMIT_LOC_STRINGS = YES;
				SWIFT_OBJC_BRIDGING_HEADER = "";
				SWIFT_VERSION = 5.0;
				TARGETED_DEVICE_FAMILY = 1;
			};
			name = Release;
		};
/* End XCBuildConfiguration section */

/* Begin XCConfigurationList section */
		C03BFB8A272C68C7003AE940 /* Build configuration list for PBXProject "IOSBdkAppSample" */ = {
			isa = XCConfigurationList;
			buildConfigurations = (
				C03BFB9B272C68CB003AE940 /* Debug */,
				C03BFB9C272C68CB003AE940 /* Release */,
			);
			defaultConfigurationIsVisible = 0;
			defaultConfigurationName = Release;
		};
		C03BFB9D272C68CB003AE940 /* Build configuration list for PBXNativeTarget "IOSBdkAppSample" */ = {
			isa = XCConfigurationList;
			buildConfigurations = (
				C03BFB9E272C68CB003AE940 /* Debug */,
				C03BFB9F272C68CB003AE940 /* Release */,
			);
			defaultConfigurationIsVisible = 0;
			defaultConfigurationName = Release;
		};
/* End XCConfigurationList section */

/* Begin XCRemoteSwiftPackageReference section */
		AAB77A5D274985DC00EAE58B /* XCRemoteSwiftPackageReference "BitcoinDevKit" */ = {
			isa = XCRemoteSwiftPackageReference;
			repositoryURL = "https://github.com/notmandatory/BitcoinDevKit";
			requirement = {
				kind = upToNextMinorVersion;
				minimumVersion = 0.1.1;
			};
		};
/* End XCRemoteSwiftPackageReference section */

/* Begin XCSwiftPackageProductDependency section */
		AAB77A5E274985DC00EAE58B /* BitcoinDevKit */ = {
			isa = XCSwiftPackageProductDependency;
			package = AAB77A5D274985DC00EAE58B /* XCRemoteSwiftPackageReference "BitcoinDevKit" */;
			productName = BitcoinDevKit;
		};
/* End XCSwiftPackageProductDependency section */
	};
	rootObject = C03BFB87272C68C7003AE940 /* Project object */;
}
