{
  "object": {
    "pins": [
      {
        "package": "bdk-swift",
        "repositoryURL": "https://github.com/bitcoindevkit/bdk-swift",
        "state": {
          "branch": null,
          "revision": "dcefae806d46028b3f478e4acbf1ff2c6da9b09e",
          "version": "0.1.3"
        }
      }
    ]
  },
  "version": 1
}
